
Microsoft Visual Studio Solution File, Format Version 12.00
# Visual Studio Version 16
VisualStudioVersion = 16.0.31229.75
MinimumVisualStudioVersion = 10.0.40219.1
Project("{9A19103F-16F7-4668-BE54-9A1E7A4F7556}") = "GamingHub2", "GamingHub2\GamingHub2.csproj", "{9A293D5A-BE57-415D-8002-2EE909E80356}"
EndProject
Project("{9A19103F-16F7-4668-BE54-9A1E7A4F7556}") = "GamingHub2.Model", "GamingHub2.Model\GamingHub2.Model.csproj", "{8F91F61B-B6D5-4987-8904-EBB161907748}"
EndProject
Project("{2150E333-8FDC-42A3-9474-1A3956D46DE8}") = "UI", "UI", "{86ED916A-BDE7-4E6C-9098-F337392AF70A}"
EndProject
Project("{FAE04EC0-301F-11D3-BF4B-00C04F79EFBC}") = "GamingHub2.WinUI", "GamingHub2.WinUI\GamingHub2.WinUI.csproj", "{D1A4E367-84D1-4B77-A8D4-B5B825D9783A}"
EndProject
Project("{2150E333-8FDC-42A3-9474-1A3956D46DE8}") = "GamingHub2.Mobile", "GamingHub2.Mobile", "{B12BC671-18F7-4A9C-8052-CD680AFC24D6}"
EndProject
Project("{FAE04EC0-301F-11D3-BF4B-00C04F79EFBC}") = "GamingHub2.MobileApp.UWP", "GamingHub2.MobileApp\GamingHub2.MobileApp.UWP\GamingHub2.MobileApp.UWP.csproj", "{ABA6FD98-434B-4F94-9CDE-D543E0BCFAC3}"
EndProject
Project("{FAE04EC0-301F-11D3-BF4B-00C04F79EFBC}") = "GamingHub2.MobileApp.Android", "GamingHub2.MobileApp\GamingHub2.MobileApp.Android\GamingHub2.MobileApp.Android.csproj", "{D6703207-60A9-45F1-A4D4-277830DD050C}"
EndProject
Project("{FAE04EC0-301F-11D3-BF4B-00C04F79EFBC}") = "GamingHub2.MobileApp.iOS", "GamingHub2.MobileApp\GamingHub2.MobileApp.iOS\GamingHub2.MobileApp.iOS.csproj", "{486E0EF8-3FBE-4C84-9421-B940015C3CDA}"
EndProject
Project("{9A19103F-16F7-4668-BE54-9A1E7A4F7556}") = "GamingHub2.MobileApp", "GamingHub2.MobileApp\GamingHub2.MobileApp\GamingHub2.MobileApp.csproj", "{E9127158-C5F9-46F1-9F42-2B9811B13BB9}"
EndProject
Global
	GlobalSection(SolutionConfigurationPlatforms) = preSolution
		Debug|Any CPU = Debug|Any CPU
		Debug|ARM = Debug|ARM
		Debug|iPhone = Debug|iPhone
		Debug|iPhoneSimulator = Debug|iPhoneSimulator
		Debug|x64 = Debug|x64
		Debug|x86 = Debug|x86
		Release|Any CPU = Release|Any CPU
		Release|ARM = Release|ARM
		Release|iPhone = Release|iPhone
		Release|iPhoneSimulator = Release|iPhoneSimulator
		Release|x64 = Release|x64
		Release|x86 = Release|x86
	EndGlobalSection
	GlobalSection(ProjectConfigurationPlatforms) = postSolution
		{9A293D5A-BE57-415D-8002-2EE909E80356}.Debug|Any CPU.ActiveCfg = Debug|Any CPU
		{9A293D5A-BE57-415D-8002-2EE909E80356}.Debug|Any CPU.Build.0 = Debug|Any CPU
		{9A293D5A-BE57-415D-8002-2EE909E80356}.Debug|ARM.ActiveCfg = Debug|Any CPU
		{9A293D5A-BE57-415D-8002-2EE909E80356}.Debug|ARM.Build.0 = Debug|Any CPU
		{9A293D5A-BE57-415D-8002-2EE909E80356}.Debug|iPhone.ActiveCfg = Debug|Any CPU
		{9A293D5A-BE57-415D-8002-2EE909E80356}.Debug|iPhone.Build.0 = Debug|Any CPU
		{9A293D5A-BE57-415D-8002-2EE909E80356}.Debug|iPhoneSimulator.ActiveCfg = Debug|Any CPU
		{9A293D5A-BE57-415D-8002-2EE909E80356}.Debug|iPhoneSimulator.Build.0 = Debug|Any CPU
		{9A293D5A-BE57-415D-8002-2EE909E80356}.Debug|x64.ActiveCfg = Debug|Any CPU
		{9A293D5A-BE57-415D-8002-2EE909E80356}.Debug|x64.Build.0 = Debug|Any CPU
		{9A293D5A-BE57-415D-8002-2EE909E80356}.Debug|x86.ActiveCfg = Debug|Any CPU
		{9A293D5A-BE57-415D-8002-2EE909E80356}.Debug|x86.Build.0 = Debug|Any CPU
		{9A293D5A-BE57-415D-8002-2EE909E80356}.Release|Any CPU.ActiveCfg = Release|Any CPU
		{9A293D5A-BE57-415D-8002-2EE909E80356}.Release|Any CPU.Build.0 = Release|Any CPU
		{9A293D5A-BE57-415D-8002-2EE909E80356}.Release|ARM.ActiveCfg = Release|Any CPU
		{9A293D5A-BE57-415D-8002-2EE909E80356}.Release|ARM.Build.0 = Release|Any CPU
		{9A293D5A-BE57-415D-8002-2EE909E80356}.Release|iPhone.ActiveCfg = Release|Any CPU
		{9A293D5A-BE57-415D-8002-2EE909E80356}.Release|iPhone.Build.0 = Release|Any CPU
		{9A293D5A-BE57-415D-8002-2EE909E80356}.Release|iPhoneSimulator.ActiveCfg = Release|Any CPU
		{9A293D5A-BE57-415D-8002-2EE909E80356}.Release|iPhoneSimulator.Build.0 = Release|Any CPU
		{9A293D5A-BE57-415D-8002-2EE909E80356}.Release|x64.ActiveCfg = Release|Any CPU
		{9A293D5A-BE57-415D-8002-2EE909E80356}.Release|x64.Build.0 = Release|Any CPU
		{9A293D5A-BE57-415D-8002-2EE909E80356}.Release|x86.ActiveCfg = Release|Any CPU
		{9A293D5A-BE57-415D-8002-2EE909E80356}.Release|x86.Build.0 = Release|Any CPU
		{8F91F61B-B6D5-4987-8904-EBB161907748}.Debug|Any CPU.ActiveCfg = Debug|Any CPU
		{8F91F61B-B6D5-4987-8904-EBB161907748}.Debug|Any CPU.Build.0 = Debug|Any CPU
		{8F91F61B-B6D5-4987-8904-EBB161907748}.Debug|ARM.ActiveCfg = Debug|Any CPU
		{8F91F61B-B6D5-4987-8904-EBB161907748}.Debug|ARM.Build.0 = Debug|Any CPU
		{8F91F61B-B6D5-4987-8904-EBB161907748}.Debug|iPhone.ActiveCfg = Debug|Any CPU
		{8F91F61B-B6D5-4987-8904-EBB161907748}.Debug|iPhone.Build.0 = Debug|Any CPU
		{8F91F61B-B6D5-4987-8904-EBB161907748}.Debug|iPhoneSimulator.ActiveCfg = Debug|Any CPU
		{8F91F61B-B6D5-4987-8904-EBB161907748}.Debug|iPhoneSimulator.Build.0 = Debug|Any CPU
		{8F91F61B-B6D5-4987-8904-EBB161907748}.Debug|x64.ActiveCfg = Debug|Any CPU
		{8F91F61B-B6D5-4987-8904-EBB161907748}.Debug|x64.Build.0 = Debug|Any CPU
		{8F91F61B-B6D5-4987-8904-EBB161907748}.Debug|x86.ActiveCfg = Debug|Any CPU
		{8F91F61B-B6D5-4987-8904-EBB161907748}.Debug|x86.Build.0 = Debug|Any CPU
		{8F91F61B-B6D5-4987-8904-EBB161907748}.Release|Any CPU.ActiveCfg = Release|Any CPU
		{8F91F61B-B6D5-4987-8904-EBB161907748}.Release|Any CPU.Build.0 = Release|Any CPU
		{8F91F61B-B6D5-4987-8904-EBB161907748}.Release|ARM.ActiveCfg = Release|Any CPU
		{8F91F61B-B6D5-4987-8904-EBB161907748}.Release|ARM.Build.0 = Release|Any CPU
		{8F91F61B-B6D5-4987-8904-EBB161907748}.Release|iPhone.ActiveCfg = Release|Any CPU
		{8F91F61B-B6D5-4987-8904-EBB161907748}.Release|iPhone.Build.0 = Release|Any CPU
		{8F91F61B-B6D5-4987-8904-EBB161907748}.Release|iPhoneSimulator.ActiveCfg = Release|Any CPU
		{8F91F61B-B6D5-4987-8904-EBB161907748}.Release|iPhoneSimulator.Build.0 = Release|Any CPU
		{8F91F61B-B6D5-4987-8904-EBB161907748}.Release|x64.ActiveCfg = Release|Any CPU
		{8F91F61B-B6D5-4987-8904-EBB161907748}.Release|x64.Build.0 = Release|Any CPU
		{8F91F61B-B6D5-4987-8904-EBB161907748}.Release|x86.ActiveCfg = Release|Any CPU
		{8F91F61B-B6D5-4987-8904-EBB161907748}.Release|x86.Build.0 = Release|Any CPU
		{D1A4E367-84D1-4B77-A8D4-B5B825D9783A}.Debug|Any CPU.ActiveCfg = Debug|Any CPU
		{D1A4E367-84D1-4B77-A8D4-B5B825D9783A}.Debug|Any CPU.Build.0 = Debug|Any CPU
		{D1A4E367-84D1-4B77-A8D4-B5B825D9783A}.Debug|ARM.ActiveCfg = Debug|Any CPU
		{D1A4E367-84D1-4B77-A8D4-B5B825D9783A}.Debug|ARM.Build.0 = Debug|Any CPU
		{D1A4E367-84D1-4B77-A8D4-B5B825D9783A}.Debug|iPhone.ActiveCfg = Debug|Any CPU
		{D1A4E367-84D1-4B77-A8D4-B5B825D9783A}.Debug|iPhone.Build.0 = Debug|Any CPU
		{D1A4E367-84D1-4B77-A8D4-B5B825D9783A}.Debug|iPhoneSimulator.ActiveCfg = Debug|Any CPU
		{D1A4E367-84D1-4B77-A8D4-B5B825D9783A}.Debug|iPhoneSimulator.Build.0 = Debug|Any CPU
		{D1A4E367-84D1-4B77-A8D4-B5B825D9783A}.Debug|x64.ActiveCfg = Debug|Any CPU
		{D1A4E367-84D1-4B77-A8D4-B5B825D9783A}.Debug|x64.Build.0 = Debug|Any CPU
		{D1A4E367-84D1-4B77-A8D4-B5B825D9783A}.Debug|x86.ActiveCfg = Debug|Any CPU
		{D1A4E367-84D1-4B77-A8D4-B5B825D9783A}.Debug|x86.Build.0 = Debug|Any CPU
		{D1A4E367-84D1-4B77-A8D4-B5B825D9783A}.Release|Any CPU.ActiveCfg = Release|Any CPU
		{D1A4E367-84D1-4B77-A8D4-B5B825D9783A}.Release|Any CPU.Build.0 = Release|Any CPU
		{D1A4E367-84D1-4B77-A8D4-B5B825D9783A}.Release|ARM.ActiveCfg = Release|Any CPU
		{D1A4E367-84D1-4B77-A8D4-B5B825D9783A}.Release|ARM.Build.0 = Release|Any CPU
		{D1A4E367-84D1-4B77-A8D4-B5B825D9783A}.Release|iPhone.ActiveCfg = Release|Any CPU
		{D1A4E367-84D1-4B77-A8D4-B5B825D9783A}.Release|iPhone.Build.0 = Release|Any CPU
		{D1A4E367-84D1-4B77-A8D4-B5B825D9783A}.Release|iPhoneSimulator.ActiveCfg = Release|Any CPU
		{D1A4E367-84D1-4B77-A8D4-B5B825D9783A}.Release|iPhoneSimulator.Build.0 = Release|Any CPU
		{D1A4E367-84D1-4B77-A8D4-B5B825D9783A}.Release|x64.ActiveCfg = Release|Any CPU
		{D1A4E367-84D1-4B77-A8D4-B5B825D9783A}.Release|x64.Build.0 = Release|Any CPU
		{D1A4E367-84D1-4B77-A8D4-B5B825D9783A}.Release|x86.ActiveCfg = Release|Any CPU
		{D1A4E367-84D1-4B77-A8D4-B5B825D9783A}.Release|x86.Build.0 = Release|Any CPU
		{ABA6FD98-434B-4F94-9CDE-D543E0BCFAC3}.Debug|Any CPU.ActiveCfg = Debug|x86
		{ABA6FD98-434B-4F94-9CDE-D543E0BCFAC3}.Debug|Any CPU.Build.0 = Debug|x86
		{ABA6FD98-434B-4F94-9CDE-D543E0BCFAC3}.Debug|Any CPU.Deploy.0 = Debug|x86
		{ABA6FD98-434B-4F94-9CDE-D543E0BCFAC3}.Debug|ARM.ActiveCfg = Debug|ARM
		{ABA6FD98-434B-4F94-9CDE-D543E0BCFAC3}.Debug|ARM.Build.0 = Debug|ARM
		{ABA6FD98-434B-4F94-9CDE-D543E0BCFAC3}.Debug|ARM.Deploy.0 = Debug|ARM
		{ABA6FD98-434B-4F94-9CDE-D543E0BCFAC3}.Debug|iPhone.ActiveCfg = Debug|x86
		{ABA6FD98-434B-4F94-9CDE-D543E0BCFAC3}.Debug|iPhoneSimulator.ActiveCfg = Debug|x86
		{ABA6FD98-434B-4F94-9CDE-D543E0BCFAC3}.Debug|x64.ActiveCfg = Debug|x64
		{ABA6FD98-434B-4F94-9CDE-D543E0BCFAC3}.Debug|x64.Build.0 = Debug|x64
		{ABA6FD98-434B-4F94-9CDE-D543E0BCFAC3}.Debug|x64.Deploy.0 = Debug|x64
		{ABA6FD98-434B-4F94-9CDE-D543E0BCFAC3}.Debug|x86.ActiveCfg = Debug|x86
		{ABA6FD98-434B-4F94-9CDE-D543E0BCFAC3}.Debug|x86.Build.0 = Debug|x86
		{ABA6FD98-434B-4F94-9CDE-D543E0BCFAC3}.Debug|x86.Deploy.0 = Debug|x86
		{ABA6FD98-434B-4F94-9CDE-D543E0BCFAC3}.Release|Any CPU.ActiveCfg = Release|x86
		{ABA6FD98-434B-4F94-9CDE-D543E0BCFAC3}.Release|ARM.ActiveCfg = Release|ARM
		{ABA6FD98-434B-4F94-9CDE-D543E0BCFAC3}.Release|ARM.Build.0 = Release|ARM
		{ABA6FD98-434B-4F94-9CDE-D543E0BCFAC3}.Release|ARM.Deploy.0 = Release|ARM
		{ABA6FD98-434B-4F94-9CDE-D543E0BCFAC3}.Release|iPhone.ActiveCfg = Release|x86
		{ABA6FD98-434B-4F94-9CDE-D543E0BCFAC3}.Release|iPhoneSimulator.ActiveCfg = Release|x86
		{ABA6FD98-434B-4F94-9CDE-D543E0BCFAC3}.Release|x64.ActiveCfg = Release|x64
		{ABA6FD98-434B-4F94-9CDE-D543E0BCFAC3}.Release|x64.Build.0 = Release|x64
		{ABA6FD98-434B-4F94-9CDE-D543E0BCFAC3}.Release|x64.Deploy.0 = Release|x64
		{ABA6FD98-434B-4F94-9CDE-D543E0BCFAC3}.Release|x86.ActiveCfg = Release|x86
		{ABA6FD98-434B-4F94-9CDE-D543E0BCFAC3}.Release|x86.Build.0 = Release|x86
		{ABA6FD98-434B-4F94-9CDE-D543E0BCFAC3}.Release|x86.Deploy.0 = Release|x86
		{D6703207-60A9-45F1-A4D4-277830DD050C}.Debug|Any CPU.ActiveCfg = Debug|Any CPU
		{D6703207-60A9-45F1-A4D4-277830DD050C}.Debug|Any CPU.Deploy.0 = Debug|Any CPU
		{D6703207-60A9-45F1-A4D4-277830DD050C}.Debug|ARM.ActiveCfg = Debug|Any CPU
		{D6703207-60A9-45F1-A4D4-277830DD050C}.Debug|ARM.Build.0 = Debug|Any CPU
		{D6703207-60A9-45F1-A4D4-277830DD050C}.Debug|ARM.Deploy.0 = Debug|Any CPU
		{D6703207-60A9-45F1-A4D4-277830DD050C}.Debug|iPhone.ActiveCfg = Debug|Any CPU
		{D6703207-60A9-45F1-A4D4-277830DD050C}.Debug|iPhone.Build.0 = Debug|Any CPU
		{D6703207-60A9-45F1-A4D4-277830DD050C}.Debug|iPhone.Deploy.0 = Debug|Any CPU
		{D6703207-60A9-45F1-A4D4-277830DD050C}.Debug|iPhoneSimulator.ActiveCfg = Debug|Any CPU
		{D6703207-60A9-45F1-A4D4-277830DD050C}.Debug|iPhoneSimulator.Build.0 = Debug|Any CPU
		{D6703207-60A9-45F1-A4D4-277830DD050C}.Debug|iPhoneSimulator.Deploy.0 = Debug|Any CPU
		{D6703207-60A9-45F1-A4D4-277830DD050C}.Debug|x64.ActiveCfg = Debug|Any CPU
		{D6703207-60A9-45F1-A4D4-277830DD050C}.Debug|x64.Build.0 = Debug|Any CPU
		{D6703207-60A9-45F1-A4D4-277830DD050C}.Debug|x64.Deploy.0 = Debug|Any CPU
		{D6703207-60A9-45F1-A4D4-277830DD050C}.Debug|x86.ActiveCfg = Debug|Any CPU
		{D6703207-60A9-45F1-A4D4-277830DD050C}.Debug|x86.Build.0 = Debug|Any CPU
		{D6703207-60A9-45F1-A4D4-277830DD050C}.Debug|x86.Deploy.0 = Debug|Any CPU
		{D6703207-60A9-45F1-A4D4-277830DD050C}.Release|Any CPU.ActiveCfg = Release|Any CPU
		{D6703207-60A9-45F1-A4D4-277830DD050C}.Release|Any CPU.Build.0 = Release|Any CPU
		{D6703207-60A9-45F1-A4D4-277830DD050C}.Release|Any CPU.Deploy.0 = Release|Any CPU
		{D6703207-60A9-45F1-A4D4-277830DD050C}.Release|ARM.ActiveCfg = Release|Any CPU
		{D6703207-60A9-45F1-A4D4-277830DD050C}.Release|ARM.Build.0 = Release|Any CPU
		{D6703207-60A9-45F1-A4D4-277830DD050C}.Release|ARM.Deploy.0 = Release|Any CPU
		{D6703207-60A9-45F1-A4D4-277830DD050C}.Release|iPhone.ActiveCfg = Release|Any CPU
		{D6703207-60A9-45F1-A4D4-277830DD050C}.Release|iPhone.Build.0 = Release|Any CPU
		{D6703207-60A9-45F1-A4D4-277830DD050C}.Release|iPhone.Deploy.0 = Release|Any CPU
		{D6703207-60A9-45F1-A4D4-277830DD050C}.Release|iPhoneSimulator.ActiveCfg = Release|Any CPU
		{D6703207-60A9-45F1-A4D4-277830DD050C}.Release|iPhoneSimulator.Build.0 = Release|Any CPU
		{D6703207-60A9-45F1-A4D4-277830DD050C}.Release|iPhoneSimulator.Deploy.0 = Release|Any CPU
		{D6703207-60A9-45F1-A4D4-277830DD050C}.Release|x64.ActiveCfg = Release|Any CPU
		{D6703207-60A9-45F1-A4D4-277830DD050C}.Release|x64.Build.0 = Release|Any CPU
		{D6703207-60A9-45F1-A4D4-277830DD050C}.Release|x64.Deploy.0 = Release|Any CPU
		{D6703207-60A9-45F1-A4D4-277830DD050C}.Release|x86.ActiveCfg = Release|Any CPU
		{D6703207-60A9-45F1-A4D4-277830DD050C}.Release|x86.Build.0 = Release|Any CPU
		{D6703207-60A9-45F1-A4D4-277830DD050C}.Release|x86.Deploy.0 = Release|Any CPU
		{486E0EF8-3FBE-4C84-9421-B940015C3CDA}.Debug|Any CPU.ActiveCfg = Debug|iPhoneSimulator
		{486E0EF8-3FBE-4C84-9421-B940015C3CDA}.Debug|ARM.ActiveCfg = Debug|iPhoneSimulator
		{486E0EF8-3FBE-4C84-9421-B940015C3CDA}.Debug|iPhone.ActiveCfg = Debug|iPhone
		{486E0EF8-3FBE-4C84-9421-B940015C3CDA}.Debug|iPhone.Build.0 = Debug|iPhone
		{486E0EF8-3FBE-4C84-9421-B940015C3CDA}.Debug|iPhoneSimulator.ActiveCfg = Debug|iPhoneSimulator
		{486E0EF8-3FBE-4C84-9421-B940015C3CDA}.Debug|iPhoneSimulator.Build.0 = Debug|iPhoneSimulator
		{486E0EF8-3FBE-4C84-9421-B940015C3CDA}.Debug|x64.ActiveCfg = Debug|iPhoneSimulator
		{486E0EF8-3FBE-4C84-9421-B940015C3CDA}.Debug|x86.ActiveCfg = Debug|iPhoneSimulator
		{486E0EF8-3FBE-4C84-9421-B940015C3CDA}.Release|Any CPU.ActiveCfg = Release|iPhoneSimulator
		{486E0EF8-3FBE-4C84-9421-B940015C3CDA}.Release|ARM.ActiveCfg = Release|iPhoneSimulator
		{486E0EF8-3FBE-4C84-9421-B940015C3CDA}.Release|iPhone.ActiveCfg = Release|iPhone
		{486E0EF8-3FBE-4C84-9421-B940015C3CDA}.Release|iPhone.Build.0 = Release|iPhone
		{486E0EF8-3FBE-4C84-9421-B940015C3CDA}.Release|iPhoneSimulator.ActiveCfg = Release|iPhoneSimulator
		{486E0EF8-3FBE-4C84-9421-B940015C3CDA}.Release|iPhoneSimulator.Build.0 = Release|iPhoneSimulator
		{486E0EF8-3FBE-4C84-9421-B940015C3CDA}.Release|x64.ActiveCfg = Release|iPhoneSimulator
		{486E0EF8-3FBE-4C84-9421-B940015C3CDA}.Release|x86.ActiveCfg = Release|iPhoneSimulator
		{E9127158-C5F9-46F1-9F42-2B9811B13BB9}.Debug|Any CPU.ActiveCfg = Debug|Any CPU
		{E9127158-C5F9-46F1-9F42-2B9811B13BB9}.Debug|Any CPU.Build.0 = Debug|Any CPU
		{E9127158-C5F9-46F1-9F42-2B9811B13BB9}.Debug|ARM.ActiveCfg = Debug|Any CPU
		{E9127158-C5F9-46F1-9F42-2B9811B13BB9}.Debug|ARM.Build.0 = Debug|Any CPU
		{E9127158-C5F9-46F1-9F42-2B9811B13BB9}.Debug|iPhone.ActiveCfg = Debug|Any CPU
		{E9127158-C5F9-46F1-9F42-2B9811B13BB9}.Debug|iPhone.Build.0 = Debug|Any CPU
		{E9127158-C5F9-46F1-9F42-2B9811B13BB9}.Debug|iPhoneSimulator.ActiveCfg = Debug|Any CPU
		{E9127158-C5F9-46F1-9F42-2B9811B13BB9}.Debug|iPhoneSimulator.Build.0 = Debug|Any CPU
		{E9127158-C5F9-46F1-9F42-2B9811B13BB9}.Debug|x64.ActiveCfg = Debug|Any CPU
		{E9127158-C5F9-46F1-9F42-2B9811B13BB9}.Debug|x64.Build.0 = Debug|Any CPU
		{E9127158-C5F9-46F1-9F42-2B9811B13BB9}.Debug|x86.ActiveCfg = Debug|Any CPU
		{E9127158-C5F9-46F1-9F42-2B9811B13BB9}.Debug|x86.Build.0 = Debug|Any CPU
		{E9127158-C5F9-46F1-9F42-2B9811B13BB9}.Release|Any CPU.ActiveCfg = Release|Any CPU
		{E9127158-C5F9-46F1-9F42-2B9811B13BB9}.Release|Any CPU.Build.0 = Release|Any CPU
		{E9127158-C5F9-46F1-9F42-2B9811B13BB9}.Release|ARM.ActiveCfg = Release|Any CPU
		{E9127158-C5F9-46F1-9F42-2B9811B13BB9}.Release|ARM.Build.0 = Release|Any CPU
		{E9127158-C5F9-46F1-9F42-2B9811B13BB9}.Release|iPhone.ActiveCfg = Release|Any CPU
		{E9127158-C5F9-46F1-9F42-2B9811B13BB9}.Release|iPhone.Build.0 = Release|Any CPU
		{E9127158-C5F9-46F1-9F42-2B9811B13BB9}.Release|iPhoneSimulator.ActiveCfg = Release|Any CPU
		{E9127158-C5F9-46F1-9F42-2B9811B13BB9}.Release|iPhoneSimulator.Build.0 = Release|Any CPU
		{E9127158-C5F9-46F1-9F42-2B9811B13BB9}.Release|x64.ActiveCfg = Release|Any CPU
		{E9127158-C5F9-46F1-9F42-2B9811B13BB9}.Release|x64.Build.0 = Release|Any CPU
		{E9127158-C5F9-46F1-9F42-2B9811B13BB9}.Release|x86.ActiveCfg = Release|Any CPU
		{E9127158-C5F9-46F1-9F42-2B9811B13BB9}.Release|x86.Build.0 = Release|Any CPU
	EndGlobalSection
	GlobalSection(SolutionProperties) = preSolution
		HideSolutionNode = FALSE
	EndGlobalSection
	GlobalSection(NestedProjects) = preSolution
		{D1A4E367-84D1-4B77-A8D4-B5B825D9783A} = {86ED916A-BDE7-4E6C-9098-F337392AF70A}
		{ABA6FD98-434B-4F94-9CDE-D543E0BCFAC3} = {B12BC671-18F7-4A9C-8052-CD680AFC24D6}
		{D6703207-60A9-45F1-A4D4-277830DD050C} = {B12BC671-18F7-4A9C-8052-CD680AFC24D6}
		{486E0EF8-3FBE-4C84-9421-B940015C3CDA} = {B12BC671-18F7-4A9C-8052-CD680AFC24D6}
		{E9127158-C5F9-46F1-9F42-2B9811B13BB9} = {B12BC671-18F7-4A9C-8052-CD680AFC24D6}
	EndGlobalSection
	GlobalSection(ExtensibilityGlobals) = postSolution
		SolutionGuid = {ADF0D801-72A1-405D-A054-E15ADFF2F2A2}
	EndGlobalSection
EndGlobal
